
Microsoft Visual Studio Solution File, Format Version 12.00
# Visual Studio Version 17
VisualStudioVersion = 17.9.34607.119
MinimumVisualStudioVersion = 10.0.40219.1
Project("{FAE04EC0-301F-11D3-BF4B-00C04F79EFBC}") = "Sicaklik_Degistirme", "Sicaklik_Degistirme\Sicaklik_Degistirme.csproj", "{774AAA63-ADE4-4998-9926-D987A3212792}"
EndProject
Global
	GlobalSection(SolutionConfigurationPlatforms) = preSolution
		Debug|Any CPU = Debug|Any CPU
		Release|Any CPU = Release|Any CPU
	EndGlobalSection
	GlobalSection(ProjectConfigurationPlatforms) = postSolution
		{774AAA63-ADE4-4998-9926-D987A3212792}.Debug|Any CPU.ActiveCfg = Debug|Any CPU
		{774AAA63-ADE4-4998-9926-D987A3212792}.Debug|Any CPU.Build.0 = Debug|Any CPU
		{774AAA63-ADE4-4998-9926-D987A3212792}.Release|Any CPU.ActiveCfg = Release|Any CPU
		{774AAA63-ADE4-4998-9926-D987A3212792}.Release|Any CPU.Build.0 = Release|Any CPU
	EndGlobalSection
	GlobalSection(SolutionProperties) = preSolution
		HideSolutionNode = FALSE
	EndGlobalSection
	GlobalSection(ExtensibilityGlobals) = postSolution
		SolutionGuid = {A7120556-B045-4803-A3F0-4D721B4DDCB9}
	EndGlobalSection
EndGlobal
